
Microsoft Visual Studio Solution File, Format Version 12.00
# Visual Studio Version 17
VisualStudioVersion = 17.11.35327.3
MinimumVisualStudioVersion = 10.0.40219.1
Project("{FAE04EC0-301F-11D3-BF4B-00C04F79EFBC}") = "homework0303", "homework0303\homework0303.csproj", "{3FC2F5A4-D979-407C-A248-9746458EB790}"
EndProject
Global
	GlobalSection(SolutionConfigurationPlatforms) = preSolution
		Debug|Any CPU = Debug|Any CPU
		Release|Any CPU = Release|Any CPU
	EndGlobalSection
	GlobalSection(ProjectConfigurationPlatforms) = postSolution
		{3FC2F5A4-D979-407C-A248-9746458EB790}.Debug|Any CPU.ActiveCfg = Debug|Any CPU
		{3FC2F5A4-D979-407C-A248-9746458EB790}.Debug|Any CPU.Build.0 = Debug|Any CPU
		{3FC2F5A4-D979-407C-A248-9746458EB790}.Release|Any CPU.ActiveCfg = Release|Any CPU
		{3FC2F5A4-D979-407C-A248-9746458EB790}.Release|Any CPU.Build.0 = Release|Any CPU
	EndGlobalSection
	GlobalSection(SolutionProperties) = preSolution
		HideSolutionNode = FALSE
	EndGlobalSection
	GlobalSection(ExtensibilityGlobals) = postSolution
		SolutionGuid = {9116B5B7-9F13-4015-A07A-1789C08D85AE}
	EndGlobalSection
EndGlobal
